
Microsoft Visual Studio Solution File, Format Version 12.00
# Visual Studio Version 16
VisualStudioVersion = 16.0.29926.136
MinimumVisualStudioVersion = 10.0.40219.1
Project("{FAE04EC0-301F-11D3-BF4B-00C04F79EFBC}") = "Kinect1.8_HelloWorld", "Kinect1.8_HelloWorld.csproj", "{5E913097-52C7-46A9-A02C-B66074B1DED7}"
EndProject
Global
	GlobalSection(SolutionConfigurationPlatforms) = preSolution
		Debug|Any CPU = Debug|Any CPU
		Release|Any CPU = Release|Any CPU
	EndGlobalSection
	GlobalSection(ProjectConfigurationPlatforms) = postSolution
		{5E913097-52C7-46A9-A02C-B66074B1DED7}.Debug|Any CPU.ActiveCfg = Debug|Any CPU
		{5E913097-52C7-46A9-A02C-B66074B1DED7}.Debug|Any CPU.Build.0 = Debug|Any CPU
		{5E913097-52C7-46A9-A02C-B66074B1DED7}.Release|Any CPU.ActiveCfg = Release|Any CPU
		{5E913097-52C7-46A9-A02C-B66074B1DED7}.Release|Any CPU.Build.0 = Release|Any CPU
	EndGlobalSection
	GlobalSection(SolutionProperties) = preSolution
		HideSolutionNode = FALSE
	EndGlobalSection
	GlobalSection(ExtensibilityGlobals) = postSolution
		SolutionGuid = {2E53B4EA-2CF9-4D25-969E-A1FCCE10A2CC}
	EndGlobalSection
EndGlobal
